# This file is automatically @generated by Cargo.
# It is not intended for manual editing.
[[package]]
name = "async-attributes"
version = "1.1.1"
source = "registry+https://github.com/rust-lang/crates.io-index"
dependencies = [
 "quote 1.0.7 (registry+https://github.com/rust-lang/crates.io-index)",
 "syn 1.0.48 (registry+https://github.com/rust-lang/crates.io-index)",
]

[[package]]
name = "async-channel"
version = "1.5.1"
source = "registry+https://github.com/rust-lang/crates.io-index"
dependencies = [
 "concurrent-queue 1.2.2 (registry+https://github.com/rust-lang/crates.io-index)",
 "event-listener 2.5.1 (registry+https://github.com/rust-lang/crates.io-index)",
 "futures-core 0.3.8 (registry+https://github.com/rust-lang/crates.io-index)",
]

[[package]]
name = "async-executor"
version = "1.4.0"
source = "registry+https://github.com/rust-lang/crates.io-index"
dependencies = [
 "async-task 4.0.3 (registry+https://github.com/rust-lang/crates.io-index)",
 "concurrent-queue 1.2.2 (registry+https://github.com/rust-lang/crates.io-index)",
 "fastrand 1.4.0 (registry+https://github.com/rust-lang/crates.io-index)",
 "futures-lite 1.11.2 (registry+https://github.com/rust-lang/crates.io-index)",
 "once_cell 1.4.1 (registry+https://github.com/rust-lang/crates.io-index)",
 "vec-arena 1.0.0 (registry+https://github.com/rust-lang/crates.io-index)",
]

[[package]]
name = "async-global-executor"
version = "1.4.3"
source = "registry+https://github.com/rust-lang/crates.io-index"
dependencies = [
 "async-executor 1.4.0 (registry+https://github.com/rust-lang/crates.io-index)",
 "async-io 1.2.0 (registry+https://github.com/rust-lang/crates.io-index)",
 "futures-lite 1.11.2 (registry+https://github.com/rust-lang/crates.io-index)",
 "num_cpus 1.13.0 (registry+https://github.com/rust-lang/crates.io-index)",
 "once_cell 1.4.1 (registry+https://github.com/rust-lang/crates.io-index)",
]

[[package]]
name = "async-io"
version = "1.2.0"
source = "registry+https://github.com/rust-lang/crates.io-index"
dependencies = [
 "concurrent-queue 1.2.2 (registry+https://github.com/rust-lang/crates.io-index)",
 "fastrand 1.4.0 (registry+https://github.com/rust-lang/crates.io-index)",
 "futures-lite 1.11.2 (registry+https://github.com/rust-lang/crates.io-index)",
 "libc 0.2.80 (registry+https://github.com/rust-lang/crates.io-index)",
 "log 0.4.11 (registry+https://github.com/rust-lang/crates.io-index)",
 "nb-connect 1.0.2 (registry+https://github.com/rust-lang/crates.io-index)",
 "once_cell 1.4.1 (registry+https://github.com/rust-lang/crates.io-index)",
 "parking 2.0.0 (registry+https://github.com/rust-lang/crates.io-index)",
 "polling 2.0.2 (registry+https://github.com/rust-lang/crates.io-index)",
 "vec-arena 1.0.0 (registry+https://github.com/rust-lang/crates.io-index)",
 "waker-fn 1.1.0 (registry+https://github.com/rust-lang/crates.io-index)",
 "winapi 0.3.9 (registry+https://github.com/rust-lang/crates.io-index)",
]

[[package]]
name = "async-mutex"
version = "1.4.0"
source = "registry+https://github.com/rust-lang/crates.io-index"
dependencies = [
 "event-listener 2.5.1 (registry+https://github.com/rust-lang/crates.io-index)",
]

[[package]]
name = "async-std"
version = "1.7.0"
source = "registry+https://github.com/rust-lang/crates.io-index"
dependencies = [
 "async-attributes 1.1.1 (registry+https://github.com/rust-lang/crates.io-index)",
 "async-global-executor 1.4.3 (registry+https://github.com/rust-lang/crates.io-index)",
 "async-io 1.2.0 (registry+https://github.com/rust-lang/crates.io-index)",
 "async-mutex 1.4.0 (registry+https://github.com/rust-lang/crates.io-index)",
 "blocking 1.0.2 (registry+https://github.com/rust-lang/crates.io-index)",
 "crossbeam-utils 0.8.0 (registry+https://github.com/rust-lang/crates.io-index)",
 "futures-channel 0.3.8 (registry+https://github.com/rust-lang/crates.io-index)",
 "futures-core 0.3.8 (registry+https://github.com/rust-lang/crates.io-index)",
 "futures-io 0.3.8 (registry+https://github.com/rust-lang/crates.io-index)",
 "futures-lite 1.11.2 (registry+https://github.com/rust-lang/crates.io-index)",
 "gloo-timers 0.2.1 (registry+https://github.com/rust-lang/crates.io-index)",
 "kv-log-macro 1.0.7 (registry+https://github.com/rust-lang/crates.io-index)",
 "log 0.4.11 (registry+https://github.com/rust-lang/crates.io-index)",
 "memchr 2.3.4 (registry+https://github.com/rust-lang/crates.io-index)",
 "num_cpus 1.13.0 (registry+https://github.com/rust-lang/crates.io-index)",
 "once_cell 1.4.1 (registry+https://github.com/rust-lang/crates.io-index)",
 "pin-project-lite 0.1.11 (registry+https://github.com/rust-lang/crates.io-index)",
 "pin-utils 0.1.0 (registry+https://github.com/rust-lang/crates.io-index)",
 "slab 0.4.2 (registry+https://github.com/rust-lang/crates.io-index)",
 "wasm-bindgen-futures 0.4.18 (registry+https://github.com/rust-lang/crates.io-index)",
]

[[package]]
name = "async-task"
version = "4.0.3"
source = "registry+https://github.com/rust-lang/crates.io-index"

[[package]]
name = "atk"
version = "0.8.0"
source = "registry+https://github.com/rust-lang/crates.io-index"
dependencies = [
 "atk-sys 0.9.1 (registry+https://github.com/rust-lang/crates.io-index)",
 "bitflags 1.2.1 (registry+https://github.com/rust-lang/crates.io-index)",
 "glib 0.9.3 (registry+https://github.com/rust-lang/crates.io-index)",
 "glib-sys 0.9.1 (registry+https://github.com/rust-lang/crates.io-index)",
 "gobject-sys 0.9.1 (registry+https://github.com/rust-lang/crates.io-index)",
 "libc 0.2.80 (registry+https://github.com/rust-lang/crates.io-index)",
]

[[package]]
name = "atk-sys"
version = "0.9.1"
source = "registry+https://github.com/rust-lang/crates.io-index"
dependencies = [
 "glib-sys 0.9.1 (registry+https://github.com/rust-lang/crates.io-index)",
 "gobject-sys 0.9.1 (registry+https://github.com/rust-lang/crates.io-index)",
 "libc 0.2.80 (registry+https://github.com/rust-lang/crates.io-index)",
 "pkg-config 0.3.19 (registry+https://github.com/rust-lang/crates.io-index)",
]

[[package]]
name = "atomic-waker"
version = "1.0.0"
source = "registry+https://github.com/rust-lang/crates.io-index"

[[package]]
name = "autocfg"
version = "1.0.1"
source = "registry+https://github.com/rust-lang/crates.io-index"

[[package]]
name = "bitflags"
version = "1.2.1"
source = "registry+https://github.com/rust-lang/crates.io-index"

[[package]]
name = "blocking"
version = "1.0.2"
source = "registry+https://github.com/rust-lang/crates.io-index"
dependencies = [
 "async-channel 1.5.1 (registry+https://github.com/rust-lang/crates.io-index)",
 "async-task 4.0.3 (registry+https://github.com/rust-lang/crates.io-index)",
 "atomic-waker 1.0.0 (registry+https://github.com/rust-lang/crates.io-index)",
 "fastrand 1.4.0 (registry+https://github.com/rust-lang/crates.io-index)",
 "futures-lite 1.11.2 (registry+https://github.com/rust-lang/crates.io-index)",
 "once_cell 1.4.1 (registry+https://github.com/rust-lang/crates.io-index)",
]

[[package]]
name = "bouncy"
version = "0.1.0"

[[package]]
name = "bouncy4"
version = "0.1.0"
dependencies = [
 "pancurses 0.16.1 (registry+https://github.com/rust-lang/crates.io-index)",
]

[[package]]
name = "bumpalo"
version = "3.4.0"
source = "registry+https://github.com/rust-lang/crates.io-index"

[[package]]
name = "cache-padded"
version = "1.1.1"
source = "registry+https://github.com/rust-lang/crates.io-index"

[[package]]
name = "cairo-rs"
version = "0.8.1"
source = "registry+https://github.com/rust-lang/crates.io-index"
dependencies = [
 "bitflags 1.2.1 (registry+https://github.com/rust-lang/crates.io-index)",
 "cairo-sys-rs 0.9.2 (registry+https://github.com/rust-lang/crates.io-index)",
 "glib 0.9.3 (registry+https://github.com/rust-lang/crates.io-index)",
 "glib-sys 0.9.1 (registry+https://github.com/rust-lang/crates.io-index)",
 "gobject-sys 0.9.1 (registry+https://github.com/rust-lang/crates.io-index)",
 "libc 0.2.80 (registry+https://github.com/rust-lang/crates.io-index)",
]

[[package]]
name = "cairo-sys-rs"
version = "0.9.2"
source = "registry+https://github.com/rust-lang/crates.io-index"
dependencies = [
 "glib-sys 0.9.1 (registry+https://github.com/rust-lang/crates.io-index)",
 "libc 0.2.80 (registry+https://github.com/rust-lang/crates.io-index)",
 "pkg-config 0.3.19 (registry+https://github.com/rust-lang/crates.io-index)",
]

[[package]]
name = "cc"
version = "1.0.61"
source = "registry+https://github.com/rust-lang/crates.io-index"

[[package]]
name = "cfg-if"
version = "0.1.10"
source = "registry+https://github.com/rust-lang/crates.io-index"

[[package]]
name = "cfg-if"
version = "1.0.0"
source = "registry+https://github.com/rust-lang/crates.io-index"

[[package]]
name = "clicky"
version = "0.1.0"
dependencies = [
 "gio 0.8.1 (registry+https://github.com/rust-lang/crates.io-index)",
 "gtk 0.8.1 (registry+https://github.com/rust-lang/crates.io-index)",
]

[[package]]
name = "concurrent-queue"
version = "1.2.2"
source = "registry+https://github.com/rust-lang/crates.io-index"
dependencies = [
 "cache-padded 1.1.1 (registry+https://github.com/rust-lang/crates.io-index)",
]

[[package]]
name = "const_fn"
version = "0.4.3"
source = "registry+https://github.com/rust-lang/crates.io-index"

[[package]]
name = "crossbeam-utils"
version = "0.8.0"
source = "registry+https://github.com/rust-lang/crates.io-index"
dependencies = [
 "autocfg 1.0.1 (registry+https://github.com/rust-lang/crates.io-index)",
 "cfg-if 1.0.0 (registry+https://github.com/rust-lang/crates.io-index)",
 "const_fn 0.4.3 (registry+https://github.com/rust-lang/crates.io-index)",
 "lazy_static 1.4.0 (registry+https://github.com/rust-lang/crates.io-index)",
]

[[package]]
name = "event-listener"
version = "2.5.1"
source = "registry+https://github.com/rust-lang/crates.io-index"

[[package]]
name = "fastrand"
version = "1.4.0"
source = "registry+https://github.com/rust-lang/crates.io-index"
dependencies = [
 "instant 0.1.8 (registry+https://github.com/rust-lang/crates.io-index)",
]

[[package]]
name = "futures-channel"
version = "0.3.8"
source = "registry+https://github.com/rust-lang/crates.io-index"
dependencies = [
 "futures-core 0.3.8 (registry+https://github.com/rust-lang/crates.io-index)",
]

[[package]]
name = "futures-core"
version = "0.3.8"
source = "registry+https://github.com/rust-lang/crates.io-index"

[[package]]
name = "futures-executor"
version = "0.3.8"
source = "registry+https://github.com/rust-lang/crates.io-index"
dependencies = [
 "futures-core 0.3.8 (registry+https://github.com/rust-lang/crates.io-index)",
 "futures-task 0.3.8 (registry+https://github.com/rust-lang/crates.io-index)",
 "futures-util 0.3.8 (registry+https://github.com/rust-lang/crates.io-index)",
]

[[package]]
name = "futures-io"
version = "0.3.8"
source = "registry+https://github.com/rust-lang/crates.io-index"

[[package]]
name = "futures-lite"
version = "1.11.2"
source = "registry+https://github.com/rust-lang/crates.io-index"
dependencies = [
 "fastrand 1.4.0 (registry+https://github.com/rust-lang/crates.io-index)",
 "futures-core 0.3.8 (registry+https://github.com/rust-lang/crates.io-index)",
 "futures-io 0.3.8 (registry+https://github.com/rust-lang/crates.io-index)",
 "memchr 2.3.4 (registry+https://github.com/rust-lang/crates.io-index)",
 "parking 2.0.0 (registry+https://github.com/rust-lang/crates.io-index)",
 "pin-project-lite 0.1.11 (registry+https://github.com/rust-lang/crates.io-index)",
 "waker-fn 1.1.0 (registry+https://github.com/rust-lang/crates.io-index)",
]

[[package]]
name = "futures-macro"
version = "0.3.8"
source = "registry+https://github.com/rust-lang/crates.io-index"
dependencies = [
 "proc-macro-hack 0.5.19 (registry+https://github.com/rust-lang/crates.io-index)",
 "proc-macro2 1.0.24 (registry+https://github.com/rust-lang/crates.io-index)",
 "quote 1.0.7 (registry+https://github.com/rust-lang/crates.io-index)",
 "syn 1.0.48 (registry+https://github.com/rust-lang/crates.io-index)",
]

[[package]]
name = "futures-task"
version = "0.3.8"
source = "registry+https://github.com/rust-lang/crates.io-index"
dependencies = [
 "once_cell 1.4.1 (registry+https://github.com/rust-lang/crates.io-index)",
]

[[package]]
name = "futures-util"
version = "0.3.8"
source = "registry+https://github.com/rust-lang/crates.io-index"
dependencies = [
 "futures-core 0.3.8 (registry+https://github.com/rust-lang/crates.io-index)",
 "futures-macro 0.3.8 (registry+https://github.com/rust-lang/crates.io-index)",
 "futures-task 0.3.8 (registry+https://github.com/rust-lang/crates.io-index)",
 "pin-project 1.0.1 (registry+https://github.com/rust-lang/crates.io-index)",
 "pin-utils 0.1.0 (registry+https://github.com/rust-lang/crates.io-index)",
 "proc-macro-hack 0.5.19 (registry+https://github.com/rust-lang/crates.io-index)",
 "proc-macro-nested 0.1.6 (registry+https://github.com/rust-lang/crates.io-index)",
 "slab 0.4.2 (registry+https://github.com/rust-lang/crates.io-index)",
]

[[package]]
name = "gdk"
version = "0.12.1"
source = "registry+https://github.com/rust-lang/crates.io-index"
dependencies = [
 "bitflags 1.2.1 (registry+https://github.com/rust-lang/crates.io-index)",
 "cairo-rs 0.8.1 (registry+https://github.com/rust-lang/crates.io-index)",
 "cairo-sys-rs 0.9.2 (registry+https://github.com/rust-lang/crates.io-index)",
 "gdk-pixbuf 0.8.0 (registry+https://github.com/rust-lang/crates.io-index)",
 "gdk-sys 0.9.1 (registry+https://github.com/rust-lang/crates.io-index)",
 "gio 0.8.1 (registry+https://github.com/rust-lang/crates.io-index)",
 "gio-sys 0.9.1 (registry+https://github.com/rust-lang/crates.io-index)",
 "glib 0.9.3 (registry+https://github.com/rust-lang/crates.io-index)",
 "glib-sys 0.9.1 (registry+https://github.com/rust-lang/crates.io-index)",
 "gobject-sys 0.9.1 (registry+https://github.com/rust-lang/crates.io-index)",
 "libc 0.2.80 (registry+https://github.com/rust-lang/crates.io-index)",
 "pango 0.8.0 (registry+https://github.com/rust-lang/crates.io-index)",
]

[[package]]
name = "gdk-pixbuf"
version = "0.8.0"
source = "registry+https://github.com/rust-lang/crates.io-index"
dependencies = [
 "gdk-pixbuf-sys 0.9.1 (registry+https://github.com/rust-lang/crates.io-index)",
 "gio 0.8.1 (registry+https://github.com/rust-lang/crates.io-index)",
 "gio-sys 0.9.1 (registry+https://github.com/rust-lang/crates.io-index)",
 "glib 0.9.3 (registry+https://github.com/rust-lang/crates.io-index)",
 "glib-sys 0.9.1 (registry+https://github.com/rust-lang/crates.io-index)",
 "gobject-sys 0.9.1 (registry+https://github.com/rust-lang/crates.io-index)",
 "libc 0.2.80 (registry+https://github.com/rust-lang/crates.io-index)",
]

[[package]]
name = "gdk-pixbuf-sys"
version = "0.9.1"
source = "registry+https://github.com/rust-lang/crates.io-index"
dependencies = [
 "gio-sys 0.9.1 (registry+https://github.com/rust-lang/crates.io-index)",
 "glib-sys 0.9.1 (registry+https://github.com/rust-lang/crates.io-index)",
 "gobject-sys 0.9.1 (registry+https://github.com/rust-lang/crates.io-index)",
 "libc 0.2.80 (registry+https://github.com/rust-lang/crates.io-index)",
 "pkg-config 0.3.19 (registry+https://github.com/rust-lang/crates.io-index)",
]

[[package]]
name = "gdk-sys"
version = "0.9.1"
source = "registry+https://github.com/rust-lang/crates.io-index"
dependencies = [
 "cairo-sys-rs 0.9.2 (registry+https://github.com/rust-lang/crates.io-index)",
 "gdk-pixbuf-sys 0.9.1 (registry+https://github.com/rust-lang/crates.io-index)",
 "gio-sys 0.9.1 (registry+https://github.com/rust-lang/crates.io-index)",
 "glib-sys 0.9.1 (registry+https://github.com/rust-lang/crates.io-index)",
 "gobject-sys 0.9.1 (registry+https://github.com/rust-lang/crates.io-index)",
 "libc 0.2.80 (registry+https://github.com/rust-lang/crates.io-index)",
 "pango-sys 0.9.1 (registry+https://github.com/rust-lang/crates.io-index)",
 "pkg-config 0.3.19 (registry+https://github.com/rust-lang/crates.io-index)",
]

[[package]]
name = "gio"
version = "0.8.1"
source = "registry+https://github.com/rust-lang/crates.io-index"
dependencies = [
 "bitflags 1.2.1 (registry+https://github.com/rust-lang/crates.io-index)",
 "futures-channel 0.3.8 (registry+https://github.com/rust-lang/crates.io-index)",
 "futures-core 0.3.8 (registry+https://github.com/rust-lang/crates.io-index)",
 "futures-io 0.3.8 (registry+https://github.com/rust-lang/crates.io-index)",
 "futures-util 0.3.8 (registry+https://github.com/rust-lang/crates.io-index)",
 "gio-sys 0.9.1 (registry+https://github.com/rust-lang/crates.io-index)",
 "glib 0.9.3 (registry+https://github.com/rust-lang/crates.io-index)",
 "glib-sys 0.9.1 (registry+https://github.com/rust-lang/crates.io-index)",
 "gobject-sys 0.9.1 (registry+https://github.com/rust-lang/crates.io-index)",
 "lazy_static 1.4.0 (registry+https://github.com/rust-lang/crates.io-index)",
 "libc 0.2.80 (registry+https://github.com/rust-lang/crates.io-index)",
]

[[package]]
name = "gio-sys"
version = "0.9.1"
source = "registry+https://github.com/rust-lang/crates.io-index"
dependencies = [
 "glib-sys 0.9.1 (registry+https://github.com/rust-lang/crates.io-index)",
 "gobject-sys 0.9.1 (registry+https://github.com/rust-lang/crates.io-index)",
 "libc 0.2.80 (registry+https://github.com/rust-lang/crates.io-index)",
 "pkg-config 0.3.19 (registry+https://github.com/rust-lang/crates.io-index)",
]

[[package]]
name = "glib"
version = "0.9.3"
source = "registry+https://github.com/rust-lang/crates.io-index"
dependencies = [
 "bitflags 1.2.1 (registry+https://github.com/rust-lang/crates.io-index)",
 "futures-channel 0.3.8 (registry+https://github.com/rust-lang/crates.io-index)",
 "futures-core 0.3.8 (registry+https://github.com/rust-lang/crates.io-index)",
 "futures-executor 0.3.8 (registry+https://github.com/rust-lang/crates.io-index)",
 "futures-task 0.3.8 (registry+https://github.com/rust-lang/crates.io-index)",
 "futures-util 0.3.8 (registry+https://github.com/rust-lang/crates.io-index)",
 "glib-sys 0.9.1 (registry+https://github.com/rust-lang/crates.io-index)",
 "gobject-sys 0.9.1 (registry+https://github.com/rust-lang/crates.io-index)",
 "lazy_static 1.4.0 (registry+https://github.com/rust-lang/crates.io-index)",
 "libc 0.2.80 (registry+https://github.com/rust-lang/crates.io-index)",
]

[[package]]
name = "glib-sys"
version = "0.9.1"
source = "registry+https://github.com/rust-lang/crates.io-index"
dependencies = [
 "libc 0.2.80 (registry+https://github.com/rust-lang/crates.io-index)",
 "pkg-config 0.3.19 (registry+https://github.com/rust-lang/crates.io-index)",
]

[[package]]
name = "gloo-timers"
version = "0.2.1"
source = "registry+https://github.com/rust-lang/crates.io-index"
dependencies = [
 "futures-channel 0.3.8 (registry+https://github.com/rust-lang/crates.io-index)",
 "futures-core 0.3.8 (registry+https://github.com/rust-lang/crates.io-index)",
 "js-sys 0.3.45 (registry+https://github.com/rust-lang/crates.io-index)",
 "wasm-bindgen 0.2.68 (registry+https://github.com/rust-lang/crates.io-index)",
 "web-sys 0.3.45 (registry+https://github.com/rust-lang/crates.io-index)",
]

[[package]]
name = "gobject-sys"
version = "0.9.1"
source = "registry+https://github.com/rust-lang/crates.io-index"
dependencies = [
 "glib-sys 0.9.1 (registry+https://github.com/rust-lang/crates.io-index)",
 "libc 0.2.80 (registry+https://github.com/rust-lang/crates.io-index)",
 "pkg-config 0.3.19 (registry+https://github.com/rust-lang/crates.io-index)",
]

[[package]]
name = "gtk"
version = "0.8.1"
source = "registry+https://github.com/rust-lang/crates.io-index"
dependencies = [
 "atk 0.8.0 (registry+https://github.com/rust-lang/crates.io-index)",
 "bitflags 1.2.1 (registry+https://github.com/rust-lang/crates.io-index)",
 "cairo-rs 0.8.1 (registry+https://github.com/rust-lang/crates.io-index)",
 "cairo-sys-rs 0.9.2 (registry+https://github.com/rust-lang/crates.io-index)",
 "cc 1.0.61 (registry+https://github.com/rust-lang/crates.io-index)",
 "gdk 0.12.1 (registry+https://github.com/rust-lang/crates.io-index)",
 "gdk-pixbuf 0.8.0 (registry+https://github.com/rust-lang/crates.io-index)",
 "gdk-pixbuf-sys 0.9.1 (registry+https://github.com/rust-lang/crates.io-index)",
 "gdk-sys 0.9.1 (registry+https://github.com/rust-lang/crates.io-index)",
 "gio 0.8.1 (registry+https://github.com/rust-lang/crates.io-index)",
 "gio-sys 0.9.1 (registry+https://github.com/rust-lang/crates.io-index)",
 "glib 0.9.3 (registry+https://github.com/rust-lang/crates.io-index)",
 "glib-sys 0.9.1 (registry+https://github.com/rust-lang/crates.io-index)",
 "gobject-sys 0.9.1 (registry+https://github.com/rust-lang/crates.io-index)",
 "gtk-sys 0.9.2 (registry+https://github.com/rust-lang/crates.io-index)",
 "lazy_static 1.4.0 (registry+https://github.com/rust-lang/crates.io-index)",
 "libc 0.2.80 (registry+https://github.com/rust-lang/crates.io-index)",
 "pango 0.8.0 (registry+https://github.com/rust-lang/crates.io-index)",
 "pango-sys 0.9.1 (registry+https://github.com/rust-lang/crates.io-index)",
]

[[package]]
name = "gtk-sys"
version = "0.9.2"
source = "registry+https://github.com/rust-lang/crates.io-index"
dependencies = [
 "atk-sys 0.9.1 (registry+https://github.com/rust-lang/crates.io-index)",
 "cairo-sys-rs 0.9.2 (registry+https://github.com/rust-lang/crates.io-index)",
 "gdk-pixbuf-sys 0.9.1 (registry+https://github.com/rust-lang/crates.io-index)",
 "gdk-sys 0.9.1 (registry+https://github.com/rust-lang/crates.io-index)",
 "gio-sys 0.9.1 (registry+https://github.com/rust-lang/crates.io-index)",
 "glib-sys 0.9.1 (registry+https://github.com/rust-lang/crates.io-index)",
 "gobject-sys 0.9.1 (registry+https://github.com/rust-lang/crates.io-index)",
 "libc 0.2.80 (registry+https://github.com/rust-lang/crates.io-index)",
 "pango-sys 0.9.1 (registry+https://github.com/rust-lang/crates.io-index)",
 "pkg-config 0.3.19 (registry+https://github.com/rust-lang/crates.io-index)",
]

[[package]]
name = "hermit-abi"
version = "0.1.17"
source = "registry+https://github.com/rust-lang/crates.io-index"
dependencies = [
 "libc 0.2.80 (registry+https://github.com/rust-lang/crates.io-index)",
]

[[package]]
name = "instant"
version = "0.1.8"
source = "registry+https://github.com/rust-lang/crates.io-index"
dependencies = [
 "cfg-if 1.0.0 (registry+https://github.com/rust-lang/crates.io-index)",
]

[[package]]
name = "js-sys"
version = "0.3.45"
source = "registry+https://github.com/rust-lang/crates.io-index"
dependencies = [
 "wasm-bindgen 0.2.68 (registry+https://github.com/rust-lang/crates.io-index)",
]

[[package]]
name = "kv-log-macro"
version = "1.0.7"
source = "registry+https://github.com/rust-lang/crates.io-index"
dependencies = [
 "log 0.4.11 (registry+https://github.com/rust-lang/crates.io-index)",
]

[[package]]
name = "lazy_static"
version = "1.4.0"
source = "registry+https://github.com/rust-lang/crates.io-index"

[[package]]
name = "libc"
version = "0.2.80"
source = "registry+https://github.com/rust-lang/crates.io-index"

[[package]]
name = "log"
version = "0.4.11"
source = "registry+https://github.com/rust-lang/crates.io-index"
dependencies = [
 "cfg-if 0.1.10 (registry+https://github.com/rust-lang/crates.io-index)",
]

[[package]]
name = "memchr"
version = "2.3.4"
source = "registry+https://github.com/rust-lang/crates.io-index"

[[package]]
name = "nb-connect"
version = "1.0.2"
source = "registry+https://github.com/rust-lang/crates.io-index"
dependencies = [
 "libc 0.2.80 (registry+https://github.com/rust-lang/crates.io-index)",
 "winapi 0.3.9 (registry+https://github.com/rust-lang/crates.io-index)",
]

[[package]]
name = "ncurses"
version = "5.99.0"
source = "registry+https://github.com/rust-lang/crates.io-index"
dependencies = [
 "cc 1.0.61 (registry+https://github.com/rust-lang/crates.io-index)",
 "libc 0.2.80 (registry+https://github.com/rust-lang/crates.io-index)",
 "pkg-config 0.3.19 (registry+https://github.com/rust-lang/crates.io-index)",
]

[[package]]
name = "num_cpus"
version = "1.13.0"
source = "registry+https://github.com/rust-lang/crates.io-index"
dependencies = [
 "hermit-abi 0.1.17 (registry+https://github.com/rust-lang/crates.io-index)",
 "libc 0.2.80 (registry+https://github.com/rust-lang/crates.io-index)",
]

[[package]]
name = "once_cell"
version = "1.4.1"
source = "registry+https://github.com/rust-lang/crates.io-index"

[[package]]
name = "pancurses"
version = "0.16.1"
source = "registry+https://github.com/rust-lang/crates.io-index"
dependencies = [
 "libc 0.2.80 (registry+https://github.com/rust-lang/crates.io-index)",
 "log 0.4.11 (registry+https://github.com/rust-lang/crates.io-index)",
 "ncurses 5.99.0 (registry+https://github.com/rust-lang/crates.io-index)",
 "pdcurses-sys 0.7.1 (registry+https://github.com/rust-lang/crates.io-index)",
 "winreg 0.5.1 (registry+https://github.com/rust-lang/crates.io-index)",
]

[[package]]
name = "pango"
version = "0.8.0"
source = "registry+https://github.com/rust-lang/crates.io-index"
dependencies = [
 "bitflags 1.2.1 (registry+https://github.com/rust-lang/crates.io-index)",
 "glib 0.9.3 (registry+https://github.com/rust-lang/crates.io-index)",
 "glib-sys 0.9.1 (registry+https://github.com/rust-lang/crates.io-index)",
 "gobject-sys 0.9.1 (registry+https://github.com/rust-lang/crates.io-index)",
 "lazy_static 1.4.0 (registry+https://github.com/rust-lang/crates.io-index)",
 "libc 0.2.80 (registry+https://github.com/rust-lang/crates.io-index)",
 "pango-sys 0.9.1 (registry+https://github.com/rust-lang/crates.io-index)",
]

[[package]]
name = "pango-sys"
version = "0.9.1"
source = "registry+https://github.com/rust-lang/crates.io-index"
dependencies = [
 "glib-sys 0.9.1 (registry+https://github.com/rust-lang/crates.io-index)",
 "gobject-sys 0.9.1 (registry+https://github.com/rust-lang/crates.io-index)",
 "libc 0.2.80 (registry+https://github.com/rust-lang/crates.io-index)",
 "pkg-config 0.3.19 (registry+https://github.com/rust-lang/crates.io-index)",
]

[[package]]
name = "parking"
version = "2.0.0"
source = "registry+https://github.com/rust-lang/crates.io-index"

[[package]]
name = "pdcurses-sys"
version = "0.7.1"
source = "registry+https://github.com/rust-lang/crates.io-index"
dependencies = [
 "cc 1.0.61 (registry+https://github.com/rust-lang/crates.io-index)",
 "libc 0.2.80 (registry+https://github.com/rust-lang/crates.io-index)",
]

[[package]]
name = "pin-project"
version = "1.0.1"
source = "registry+https://github.com/rust-lang/crates.io-index"
dependencies = [
 "pin-project-internal 1.0.1 (registry+https://github.com/rust-lang/crates.io-index)",
]

[[package]]
name = "pin-project-internal"
version = "1.0.1"
source = "registry+https://github.com/rust-lang/crates.io-index"
dependencies = [
 "proc-macro2 1.0.24 (registry+https://github.com/rust-lang/crates.io-index)",
 "quote 1.0.7 (registry+https://github.com/rust-lang/crates.io-index)",
 "syn 1.0.48 (registry+https://github.com/rust-lang/crates.io-index)",
]

[[package]]
name = "pin-project-lite"
version = "0.1.11"
source = "registry+https://github.com/rust-lang/crates.io-index"

[[package]]
name = "pin-utils"
version = "0.1.0"
source = "registry+https://github.com/rust-lang/crates.io-index"

[[package]]
name = "pkg-config"
version = "0.3.19"
source = "registry+https://github.com/rust-lang/crates.io-index"

[[package]]
name = "polling"
version = "2.0.2"
source = "registry+https://github.com/rust-lang/crates.io-index"
dependencies = [
 "cfg-if 0.1.10 (registry+https://github.com/rust-lang/crates.io-index)",
 "libc 0.2.80 (registry+https://github.com/rust-lang/crates.io-index)",
 "log 0.4.11 (registry+https://github.com/rust-lang/crates.io-index)",
 "wepoll-sys 3.0.1 (registry+https://github.com/rust-lang/crates.io-index)",
 "winapi 0.3.9 (registry+https://github.com/rust-lang/crates.io-index)",
]

[[package]]
name = "proc-macro-hack"
version = "0.5.19"
source = "registry+https://github.com/rust-lang/crates.io-index"

[[package]]
name = "proc-macro-nested"
version = "0.1.6"
source = "registry+https://github.com/rust-lang/crates.io-index"

[[package]]
name = "proc-macro2"
version = "1.0.24"
source = "registry+https://github.com/rust-lang/crates.io-index"
dependencies = [
 "unicode-xid 0.2.1 (registry+https://github.com/rust-lang/crates.io-index)",
]

[[package]]
name = "quote"
version = "1.0.7"
source = "registry+https://github.com/rust-lang/crates.io-index"
dependencies = [
 "proc-macro2 1.0.24 (registry+https://github.com/rust-lang/crates.io-index)",
]

[[package]]
name = "rust_crash_course"
version = "0.1.0"

[[package]]
name = "slab"
version = "0.4.2"
source = "registry+https://github.com/rust-lang/crates.io-index"

[[package]]
name = "sleepus-interruptus"
version = "0.1.0"
dependencies = [
 "async-std 1.7.0 (registry+https://github.com/rust-lang/crates.io-index)",
]

[[package]]
name = "syn"
version = "1.0.48"
source = "registry+https://github.com/rust-lang/crates.io-index"
dependencies = [
 "proc-macro2 1.0.24 (registry+https://github.com/rust-lang/crates.io-index)",
 "quote 1.0.7 (registry+https://github.com/rust-lang/crates.io-index)",
 "unicode-xid 0.2.1 (registry+https://github.com/rust-lang/crates.io-index)",
]

[[package]]
name = "unicode-xid"
version = "0.2.1"
source = "registry+https://github.com/rust-lang/crates.io-index"

[[package]]
name = "vec-arena"
version = "1.0.0"
source = "registry+https://github.com/rust-lang/crates.io-index"

[[package]]
name = "waker-fn"
version = "1.1.0"
source = "registry+https://github.com/rust-lang/crates.io-index"

[[package]]
name = "wasm-bindgen"
version = "0.2.68"
source = "registry+https://github.com/rust-lang/crates.io-index"
dependencies = [
 "cfg-if 0.1.10 (registry+https://github.com/rust-lang/crates.io-index)",
 "wasm-bindgen-macro 0.2.68 (registry+https://github.com/rust-lang/crates.io-index)",
]

[[package]]
name = "wasm-bindgen-backend"
version = "0.2.68"
source = "registry+https://github.com/rust-lang/crates.io-index"
dependencies = [
 "bumpalo 3.4.0 (registry+https://github.com/rust-lang/crates.io-index)",
 "lazy_static 1.4.0 (registry+https://github.com/rust-lang/crates.io-index)",
 "log 0.4.11 (registry+https://github.com/rust-lang/crates.io-index)",
 "proc-macro2 1.0.24 (registry+https://github.com/rust-lang/crates.io-index)",
 "quote 1.0.7 (registry+https://github.com/rust-lang/crates.io-index)",
 "syn 1.0.48 (registry+https://github.com/rust-lang/crates.io-index)",
 "wasm-bindgen-shared 0.2.68 (registry+https://github.com/rust-lang/crates.io-index)",
]

[[package]]
name = "wasm-bindgen-futures"
version = "0.4.18"
source = "registry+https://github.com/rust-lang/crates.io-index"
dependencies = [
 "cfg-if 0.1.10 (registry+https://github.com/rust-lang/crates.io-index)",
 "js-sys 0.3.45 (registry+https://github.com/rust-lang/crates.io-index)",
 "wasm-bindgen 0.2.68 (registry+https://github.com/rust-lang/crates.io-index)",
 "web-sys 0.3.45 (registry+https://github.com/rust-lang/crates.io-index)",
]

[[package]]
name = "wasm-bindgen-macro"
version = "0.2.68"
source = "registry+https://github.com/rust-lang/crates.io-index"
dependencies = [
 "quote 1.0.7 (registry+https://github.com/rust-lang/crates.io-index)",
 "wasm-bindgen-macro-support 0.2.68 (registry+https://github.com/rust-lang/crates.io-index)",
]

[[package]]
name = "wasm-bindgen-macro-support"
version = "0.2.68"
source = "registry+https://github.com/rust-lang/crates.io-index"
dependencies = [
 "proc-macro2 1.0.24 (registry+https://github.com/rust-lang/crates.io-index)",
 "quote 1.0.7 (registry+https://github.com/rust-lang/crates.io-index)",
 "syn 1.0.48 (registry+https://github.com/rust-lang/crates.io-index)",
 "wasm-bindgen-backend 0.2.68 (registry+https://github.com/rust-lang/crates.io-index)",
 "wasm-bindgen-shared 0.2.68 (registry+https://github.com/rust-lang/crates.io-index)",
]

[[package]]
name = "wasm-bindgen-shared"
version = "0.2.68"
source = "registry+https://github.com/rust-lang/crates.io-index"

[[package]]
name = "web-sys"
version = "0.3.45"
source = "registry+https://github.com/rust-lang/crates.io-index"
dependencies = [
 "js-sys 0.3.45 (registry+https://github.com/rust-lang/crates.io-index)",
 "wasm-bindgen 0.2.68 (registry+https://github.com/rust-lang/crates.io-index)",
]

[[package]]
name = "wepoll-sys"
version = "3.0.1"
source = "registry+https://github.com/rust-lang/crates.io-index"
dependencies = [
 "cc 1.0.61 (registry+https://github.com/rust-lang/crates.io-index)",
]

[[package]]
name = "winapi"
version = "0.3.9"
source = "registry+https://github.com/rust-lang/crates.io-index"
dependencies = [
 "winapi-i686-pc-windows-gnu 0.4.0 (registry+https://github.com/rust-lang/crates.io-index)",
 "winapi-x86_64-pc-windows-gnu 0.4.0 (registry+https://github.com/rust-lang/crates.io-index)",
]

[[package]]
name = "winapi-i686-pc-windows-gnu"
version = "0.4.0"
source = "registry+https://github.com/rust-lang/crates.io-index"

[[package]]
name = "winapi-x86_64-pc-windows-gnu"
version = "0.4.0"
source = "registry+https://github.com/rust-lang/crates.io-index"

[[package]]
name = "winreg"
version = "0.5.1"
source = "registry+https://github.com/rust-lang/crates.io-index"
dependencies = [
 "winapi 0.3.9 (registry+https://github.com/rust-lang/crates.io-index)",
]

[metadata]
"checksum async-attributes 1.1.1 (registry+https://github.com/rust-lang/crates.io-index)" = "efd3d156917d94862e779f356c5acae312b08fd3121e792c857d7928c8088423"
"checksum async-channel 1.5.1 (registry+https://github.com/rust-lang/crates.io-index)" = "59740d83946db6a5af71ae25ddf9562c2b176b2ca42cf99a455f09f4a220d6b9"
"checksum async-executor 1.4.0 (registry+https://github.com/rust-lang/crates.io-index)" = "eb877970c7b440ead138f6321a3b5395d6061183af779340b65e20c0fede9146"
"checksum async-global-executor 1.4.3 (registry+https://github.com/rust-lang/crates.io-index)" = "73079b49cd26b8fd5a15f68fc7707fc78698dc2a3d61430f2a7a9430230dfa04"
"checksum async-io 1.2.0 (registry+https://github.com/rust-lang/crates.io-index)" = "40a0b2bb8ae20fede194e779150fe283f65a4a08461b496de546ec366b174ad9"
"checksum async-mutex 1.4.0 (registry+https://github.com/rust-lang/crates.io-index)" = "479db852db25d9dbf6204e6cb6253698f175c15726470f78af0d918e99d6156e"
"checksum async-std 1.7.0 (registry+https://github.com/rust-lang/crates.io-index)" = "a7e82538bc65a25dbdff70e4c5439d52f068048ab97cdea0acd73f131594caa1"
"checksum async-task 4.0.3 (registry+https://github.com/rust-lang/crates.io-index)" = "e91831deabf0d6d7ec49552e489aed63b7456a7a3c46cff62adad428110b0af0"
"checksum atk 0.8.0 (registry+https://github.com/rust-lang/crates.io-index)" = "444daefa55f229af145ea58d77efd23725024ee1f6f3102743709aa6b18c663e"
"checksum atk-sys 0.9.1 (registry+https://github.com/rust-lang/crates.io-index)" = "e552c1776737a4c80110d06b36d099f47c727335f9aaa5d942a72b6863a8ec6f"
"checksum atomic-waker 1.0.0 (registry+https://github.com/rust-lang/crates.io-index)" = "065374052e7df7ee4047b1160cca5e1467a12351a40b3da123c870ba0b8eda2a"
"checksum autocfg 1.0.1 (registry+https://github.com/rust-lang/crates.io-index)" = "cdb031dd78e28731d87d56cc8ffef4a8f36ca26c38fe2de700543e627f8a464a"
"checksum bitflags 1.2.1 (registry+https://github.com/rust-lang/crates.io-index)" = "cf1de2fe8c75bc145a2f577add951f8134889b4795d47466a54a5c846d691693"
"checksum blocking 1.0.2 (registry+https://github.com/rust-lang/crates.io-index)" = "c5e170dbede1f740736619b776d7251cb1b9095c435c34d8ca9f57fcd2f335e9"
"checksum bumpalo 3.4.0 (registry+https://github.com/rust-lang/crates.io-index)" = "2e8c087f005730276d1096a652e92a8bacee2e2472bcc9715a74d2bec38b5820"
"checksum cache-padded 1.1.1 (registry+https://github.com/rust-lang/crates.io-index)" = "631ae5198c9be5e753e5cc215e1bd73c2b466a3565173db433f52bb9d3e66dba"
"checksum cairo-rs 0.8.1 (registry+https://github.com/rust-lang/crates.io-index)" = "157049ba9618aa3a61c39d5d785102c04d3b1f40632a706c621a9aedc21e6084"
"checksum cairo-sys-rs 0.9.2 (registry+https://github.com/rust-lang/crates.io-index)" = "ff65ba02cac715be836f63429ab00a767d48336efc5497c5637afb53b4f14d63"
"checksum cc 1.0.61 (registry+https://github.com/rust-lang/crates.io-index)" = "ed67cbde08356238e75fc4656be4749481eeffb09e19f320a25237d5221c985d"
"checksum cfg-if 0.1.10 (registry+https://github.com/rust-lang/crates.io-index)" = "4785bdd1c96b2a846b2bd7cc02e86b6b3dbf14e7e53446c4f54c92a361040822"
"checksum cfg-if 1.0.0 (registry+https://github.com/rust-lang/crates.io-index)" = "baf1de4339761588bc0619e3cbc0120ee582ebb74b53b4efbf79117bd2da40fd"
"checksum concurrent-queue 1.2.2 (registry+https://github.com/rust-lang/crates.io-index)" = "30ed07550be01594c6026cff2a1d7fe9c8f683caa798e12b68694ac9e88286a3"
"checksum const_fn 0.4.3 (registry+https://github.com/rust-lang/crates.io-index)" = "c478836e029dcef17fb47c89023448c64f781a046e0300e257ad8225ae59afab"
"checksum crossbeam-utils 0.8.0 (registry+https://github.com/rust-lang/crates.io-index)" = "ec91540d98355f690a86367e566ecad2e9e579f230230eb7c21398372be73ea5"
"checksum event-listener 2.5.1 (registry+https://github.com/rust-lang/crates.io-index)" = "f7531096570974c3a9dcf9e4b8e1cede1ec26cf5046219fb3b9d897503b9be59"
"checksum fastrand 1.4.0 (registry+https://github.com/rust-lang/crates.io-index)" = "ca5faf057445ce5c9d4329e382b2ce7ca38550ef3b73a5348362d5f24e0c7fe3"
"checksum futures-channel 0.3.8 (registry+https://github.com/rust-lang/crates.io-index)" = "4b7109687aa4e177ef6fe84553af6280ef2778bdb7783ba44c9dc3399110fe64"
"checksum futures-core 0.3.8 (registry+https://github.com/rust-lang/crates.io-index)" = "847ce131b72ffb13b6109a221da9ad97a64cbe48feb1028356b836b47b8f1748"
"checksum futures-executor 0.3.8 (registry+https://github.com/rust-lang/crates.io-index)" = "4caa2b2b68b880003057c1dd49f1ed937e38f22fcf6c212188a121f08cf40a65"
"checksum futures-io 0.3.8 (registry+https://github.com/rust-lang/crates.io-index)" = "611834ce18aaa1bd13c4b374f5d653e1027cf99b6b502584ff8c9a64413b30bb"
"checksum futures-lite 1.11.2 (registry+https://github.com/rust-lang/crates.io-index)" = "5e6c079abfac3ab269e2927ec048dabc89d009ebfdda6b8ee86624f30c689658"
"checksum futures-macro 0.3.8 (registry+https://github.com/rust-lang/crates.io-index)" = "77408a692f1f97bcc61dc001d752e00643408fbc922e4d634c655df50d595556"
"checksum futures-task 0.3.8 (registry+https://github.com/rust-lang/crates.io-index)" = "7c554eb5bf48b2426c4771ab68c6b14468b6e76cc90996f528c3338d761a4d0d"
"checksum futures-util 0.3.8 (registry+https://github.com/rust-lang/crates.io-index)" = "d304cff4a7b99cfb7986f7d43fbe93d175e72e704a8860787cc95e9ffd85cbd2"
"checksum gdk 0.12.1 (registry+https://github.com/rust-lang/crates.io-index)" = "fbe5e8772fc0865c52460cdd7a59d7d47700f44d9809d1dd00eecceb769a7589"
"checksum gdk-pixbuf 0.8.0 (registry+https://github.com/rust-lang/crates.io-index)" = "e248220c46b329b097d4b158d2717f8c688f16dd76d0399ace82b3e98062bdd7"
"checksum gdk-pixbuf-sys 0.9.1 (registry+https://github.com/rust-lang/crates.io-index)" = "d8991b060a9e9161bafd09bf4a202e6fd404f5b4dd1a08d53a1e84256fb34ab0"
"checksum gdk-sys 0.9.1 (registry+https://github.com/rust-lang/crates.io-index)" = "6adf679e91d1bff0c06860287f80403e7db54c2d2424dce0a470023b56c88fbb"
"checksum gio 0.8.1 (registry+https://github.com/rust-lang/crates.io-index)" = "0cd10f9415cce39b53f8024bf39a21f84f8157afa52da53837b102e585a296a5"
"checksum gio-sys 0.9.1 (registry+https://github.com/rust-lang/crates.io-index)" = "4fad225242b9eae7ec8a063bb86974aca56885014672375e5775dc0ea3533911"
"checksum glib 0.9.3 (registry+https://github.com/rust-lang/crates.io-index)" = "40fb573a09841b6386ddf15fd4bc6655b4f5b106ca962f57ecaecde32a0061c0"
"checksum glib-sys 0.9.1 (registry+https://github.com/rust-lang/crates.io-index)" = "95856f3802f446c05feffa5e24859fe6a183a7cb849c8449afc35c86b1e316e2"
"checksum gloo-timers 0.2.1 (registry+https://github.com/rust-lang/crates.io-index)" = "47204a46aaff920a1ea58b11d03dec6f704287d27561724a4631e450654a891f"
"checksum gobject-sys 0.9.1 (registry+https://github.com/rust-lang/crates.io-index)" = "31d1a804f62034eccf370006ccaef3708a71c31d561fee88564abe71177553d9"
"checksum gtk 0.8.1 (registry+https://github.com/rust-lang/crates.io-index)" = "87e1e8d70290239c668594002d1b174fcc7d7ef5d26670ee141490ede8facf8f"
"checksum gtk-sys 0.9.2 (registry+https://github.com/rust-lang/crates.io-index)" = "53def660c7b48b00b510c81ef2d2fbd3c570f1527081d8d7947f471513e1a4c1"
"checksum hermit-abi 0.1.17 (registry+https://github.com/rust-lang/crates.io-index)" = "5aca5565f760fb5b220e499d72710ed156fdb74e631659e99377d9ebfbd13ae8"
"checksum instant 0.1.8 (registry+https://github.com/rust-lang/crates.io-index)" = "cb1fc4429a33e1f80d41dc9fea4d108a88bec1de8053878898ae448a0b52f613"
"checksum js-sys 0.3.45 (registry+https://github.com/rust-lang/crates.io-index)" = "ca059e81d9486668f12d455a4ea6daa600bd408134cd17e3d3fb5a32d1f016f8"
"checksum kv-log-macro 1.0.7 (registry+https://github.com/rust-lang/crates.io-index)" = "0de8b303297635ad57c9f5059fd9cee7a47f8e8daa09df0fcd07dd39fb22977f"
"checksum lazy_static 1.4.0 (registry+https://github.com/rust-lang/crates.io-index)" = "e2abad23fbc42b3700f2f279844dc832adb2b2eb069b2df918f455c4e18cc646"
"checksum libc 0.2.80 (registry+https://github.com/rust-lang/crates.io-index)" = "4d58d1b70b004888f764dfbf6a26a3b0342a1632d33968e4a179d8011c760614"
"checksum log 0.4.11 (registry+https://github.com/rust-lang/crates.io-index)" = "4fabed175da42fed1fa0746b0ea71f412aa9d35e76e95e59b192c64b9dc2bf8b"
"checksum memchr 2.3.4 (registry+https://github.com/rust-lang/crates.io-index)" = "0ee1c47aaa256ecabcaea351eae4a9b01ef39ed810004e298d2511ed284b1525"
"checksum nb-connect 1.0.2 (registry+https://github.com/rust-lang/crates.io-index)" = "8123a81538e457d44b933a02faf885d3fe8408806b23fa700e8f01c6c3a98998"
"checksum ncurses 5.99.0 (registry+https://github.com/rust-lang/crates.io-index)" = "15699bee2f37e9f8828c7b35b2bc70d13846db453f2d507713b758fabe536b82"
"checksum num_cpus 1.13.0 (registry+https://github.com/rust-lang/crates.io-index)" = "05499f3756671c15885fee9034446956fff3f243d6077b91e5767df161f766b3"
"checksum once_cell 1.4.1 (registry+https://github.com/rust-lang/crates.io-index)" = "260e51e7efe62b592207e9e13a68e43692a7a279171d6ba57abd208bf23645ad"
"checksum pancurses 0.16.1 (registry+https://github.com/rust-lang/crates.io-index)" = "d3058bc37c433096b2ac7afef1c5cdfae49ede0a4ffec3dfc1df1df0959d0ff0"
"checksum pango 0.8.0 (registry+https://github.com/rust-lang/crates.io-index)" = "1e9c6b728f1be8edb5f9f981420b651d5ea30bdb9de89f1f1262d0084a020577"
"checksum pango-sys 0.9.1 (registry+https://github.com/rust-lang/crates.io-index)" = "86b93d84907b3cf0819bff8f13598ba72843bee579d5ebc2502e4b0367b4be7d"
"checksum parking 2.0.0 (registry+https://github.com/rust-lang/crates.io-index)" = "427c3892f9e783d91cc128285287e70a59e206ca452770ece88a76f7a3eddd72"
"checksum pdcurses-sys 0.7.1 (registry+https://github.com/rust-lang/crates.io-index)" = "084dd22796ff60f1225d4eb6329f33afaf4c85419d51d440ab6b8c6f4529166b"
"checksum pin-project 1.0.1 (registry+https://github.com/rust-lang/crates.io-index)" = "ee41d838744f60d959d7074e3afb6b35c7456d0f61cad38a24e35e6553f73841"
"checksum pin-project-internal 1.0.1 (registry+https://github.com/rust-lang/crates.io-index)" = "81a4ffa594b66bff340084d4081df649a7dc049ac8d7fc458d8e628bfbbb2f86"
"checksum pin-project-lite 0.1.11 (registry+https://github.com/rust-lang/crates.io-index)" = "c917123afa01924fc84bb20c4c03f004d9c38e5127e3c039bbf7f4b9c76a2f6b"
"checksum pin-utils 0.1.0 (registry+https://github.com/rust-lang/crates.io-index)" = "8b870d8c151b6f2fb93e84a13146138f05d02ed11c7e7c54f8826aaaf7c9f184"
"checksum pkg-config 0.3.19 (registry+https://github.com/rust-lang/crates.io-index)" = "3831453b3449ceb48b6d9c7ad7c96d5ea673e9b470a1dc578c2ce6521230884c"
"checksum polling 2.0.2 (registry+https://github.com/rust-lang/crates.io-index)" = "a2a7bc6b2a29e632e45451c941832803a18cce6781db04de8a04696cdca8bde4"
"checksum proc-macro-hack 0.5.19 (registry+https://github.com/rust-lang/crates.io-index)" = "dbf0c48bc1d91375ae5c3cd81e3722dff1abcf81a30960240640d223f59fe0e5"
"checksum proc-macro-nested 0.1.6 (registry+https://github.com/rust-lang/crates.io-index)" = "eba180dafb9038b050a4c280019bbedf9f2467b61e5d892dcad585bb57aadc5a"
"checksum proc-macro2 1.0.24 (registry+https://github.com/rust-lang/crates.io-index)" = "1e0704ee1a7e00d7bb417d0770ea303c1bccbabf0ef1667dae92b5967f5f8a71"
"checksum quote 1.0.7 (registry+https://github.com/rust-lang/crates.io-index)" = "aa563d17ecb180e500da1cfd2b028310ac758de548efdd203e18f283af693f37"
"checksum slab 0.4.2 (registry+https://github.com/rust-lang/crates.io-index)" = "c111b5bd5695e56cffe5129854aa230b39c93a305372fdbb2668ca2394eea9f8"
"checksum syn 1.0.48 (registry+https://github.com/rust-lang/crates.io-index)" = "cc371affeffc477f42a221a1e4297aedcea33d47d19b61455588bd9d8f6b19ac"
"checksum unicode-xid 0.2.1 (registry+https://github.com/rust-lang/crates.io-index)" = "f7fe0bb3479651439c9112f72b6c505038574c9fbb575ed1bf3b797fa39dd564"
"checksum vec-arena 1.0.0 (registry+https://github.com/rust-lang/crates.io-index)" = "eafc1b9b2dfc6f5529177b62cf806484db55b32dc7c9658a118e11bbeb33061d"
"checksum waker-fn 1.1.0 (registry+https://github.com/rust-lang/crates.io-index)" = "9d5b2c62b4012a3e1eca5a7e077d13b3bf498c4073e33ccd58626607748ceeca"
"checksum wasm-bindgen 0.2.68 (registry+https://github.com/rust-lang/crates.io-index)" = "1ac64ead5ea5f05873d7c12b545865ca2b8d28adfc50a49b84770a3a97265d42"
"checksum wasm-bindgen-backend 0.2.68 (registry+https://github.com/rust-lang/crates.io-index)" = "f22b422e2a757c35a73774860af8e112bff612ce6cb604224e8e47641a9e4f68"
"checksum wasm-bindgen-futures 0.4.18 (registry+https://github.com/rust-lang/crates.io-index)" = "b7866cab0aa01de1edf8b5d7936938a7e397ee50ce24119aef3e1eaa3b6171da"
"checksum wasm-bindgen-macro 0.2.68 (registry+https://github.com/rust-lang/crates.io-index)" = "6b13312a745c08c469f0b292dd2fcd6411dba5f7160f593da6ef69b64e407038"
"checksum wasm-bindgen-macro-support 0.2.68 (registry+https://github.com/rust-lang/crates.io-index)" = "f249f06ef7ee334cc3b8ff031bfc11ec99d00f34d86da7498396dc1e3b1498fe"
"checksum wasm-bindgen-shared 0.2.68 (registry+https://github.com/rust-lang/crates.io-index)" = "1d649a3145108d7d3fbcde896a468d1bd636791823c9921135218ad89be08307"
"checksum web-sys 0.3.45 (registry+https://github.com/rust-lang/crates.io-index)" = "4bf6ef87ad7ae8008e15a355ce696bed26012b7caa21605188cfd8214ab51e2d"
"checksum wepoll-sys 3.0.1 (registry+https://github.com/rust-lang/crates.io-index)" = "0fcb14dea929042224824779fbc82d9fab8d2e6d3cbc0ac404de8edf489e77ff"
"checksum winapi 0.3.9 (registry+https://github.com/rust-lang/crates.io-index)" = "5c839a674fcd7a98952e593242ea400abe93992746761e38641405d28b00f419"
"checksum winapi-i686-pc-windows-gnu 0.4.0 (registry+https://github.com/rust-lang/crates.io-index)" = "ac3b87c63620426dd9b991e5ce0329eff545bccbbb34f3be09ff6fb6ab51b7b6"
"checksum winapi-x86_64-pc-windows-gnu 0.4.0 (registry+https://github.com/rust-lang/crates.io-index)" = "712e227841d057c1ee1cd2fb22fa7e5a5461ae8e48fa2ca79ec42cfc1931183f"
"checksum winreg 0.5.1 (registry+https://github.com/rust-lang/crates.io-index)" = "a27a759395c1195c4cc5cda607ef6f8f6498f64e78f7900f5de0a127a424704a"
